// !$*UTF8*$!
{
	archiveVersion = 1;
	classes = {
	};
	objectVersion = 50;
	objects = {

/* Begin PBXBuildFile section */
		45151C2F212DE69300222656 /* AppColors.swift in Sources */ = {isa = PBXBuildFile; fileRef = 45151C2B212DE69300222656 /* AppColors.swift */; };
		45151C31212DE69300222656 /* AppFonts.swift in Sources */ = {isa = PBXBuildFile; fileRef = 45151C2D212DE69300222656 /* AppFonts.swift */; };
		45151C32212DE69300222656 /* AppImages.swift in Sources */ = {isa = PBXBuildFile; fileRef = 45151C2E212DE69300222656 /* AppImages.swift */; };
		45151C34212DE93900222656 /* Commons.swift in Sources */ = {isa = PBXBuildFile; fileRef = 45151C33212DE93800222656 /* Commons.swift */; };
		45151C36212DEA6F00222656 /* BaseViewController.swift in Sources */ = {isa = PBXBuildFile; fileRef = 45151C35212DEA6E00222656 /* BaseViewController.swift */; };
		45151C3A212DF65100222656 /* EVExtensions.swift in Sources */ = {isa = PBXBuildFile; fileRef = 45151C37212DF65000222656 /* EVExtensions.swift */; };
		45151C3B212DF65100222656 /* NibLoadableView.swift in Sources */ = {isa = PBXBuildFile; fileRef = 45151C38212DF65000222656 /* NibLoadableView.swift */; };
		45151C3C212DF65100222656 /* ReusableView.swift in Sources */ = {isa = PBXBuildFile; fileRef = 45151C39212DF65000222656 /* ReusableView.swift */; };
		4542CCE6212C4FDE00EE5D3F /* AppDelegate.swift in Sources */ = {isa = PBXBuildFile; fileRef = 4542CCE5212C4FDE00EE5D3F /* AppDelegate.swift */; };
		4542CCE8212C4FDE00EE5D3F /* MapViewController.swift in Sources */ = {isa = PBXBuildFile; fileRef = 4542CCE7212C4FDE00EE5D3F /* MapViewController.swift */; };
		4542CCED212C4FE400EE5D3F /* Assets.xcassets in Resources */ = {isa = PBXBuildFile; fileRef = 4542CCEC212C4FE400EE5D3F /* Assets.xcassets */; };
		4542CCF0212C4FE400EE5D3F /* LaunchScreen.storyboard in Resources */ = {isa = PBXBuildFile; fileRef = 4542CCEE212C4FE400EE5D3F /* LaunchScreen.storyboard */; };
		45CF59102136E3FE00E2A858 /* Models.swift in Sources */ = {isa = PBXBuildFile; fileRef = 45CF590F2136E3FE00E2A858 /* Models.swift */; };
		45F23A1B21359B7500F22C1C /* Main.storyboard in Resources */ = {isa = PBXBuildFile; fileRef = 45F23A1921359B7500F22C1C /* Main.storyboard */; };
		45F23A1E2135D9D400F22C1C /* APIManager.swift in Sources */ = {isa = PBXBuildFile; fileRef = 45F23A1D2135D9D400F22C1C /* APIManager.swift */; };
		E3172AED30899E1B251288AC /* Pods_Barrio31.framework in Frameworks */ = {isa = PBXBuildFile; fileRef = 33FAE5871C7A53CD76A60031 /* Pods_Barrio31.framework */; };
/* End PBXBuildFile section */

/* Begin PBXFileReference section */
		33FAE5871C7A53CD76A60031 /* Pods_Barrio31.framework */ = {isa = PBXFileReference; explicitFileType = wrapper.framework; includeInIndex = 0; path = Pods_Barrio31.framework; sourceTree = BUILT_PRODUCTS_DIR; };
		45151C2B212DE69300222656 /* AppColors.swift */ = {isa = PBXFileReference; fileEncoding = 4; lastKnownFileType = sourcecode.swift; path = AppColors.swift; sourceTree = "<group>"; };
		45151C2D212DE69300222656 /* AppFonts.swift */ = {isa = PBXFileReference; fileEncoding = 4; lastKnownFileType = sourcecode.swift; path = AppFonts.swift; sourceTree = "<group>"; };
		45151C2E212DE69300222656 /* AppImages.swift */ = {isa = PBXFileReference; fileEncoding = 4; lastKnownFileType = sourcecode.swift; path = AppImages.swift; sourceTree = "<group>"; };
		45151C33212DE93800222656 /* Commons.swift */ = {isa = PBXFileReference; fileEncoding = 4; lastKnownFileType = sourcecode.swift; path = Commons.swift; sourceTree = "<group>"; };
		45151C35212DEA6E00222656 /* BaseViewController.swift */ = {isa = PBXFileReference; fileEncoding = 4; lastKnownFileType = sourcecode.swift; path = BaseViewController.swift; sourceTree = "<group>"; };
		45151C37212DF65000222656 /* EVExtensions.swift */ = {isa = PBXFileReference; fileEncoding = 4; lastKnownFileType = sourcecode.swift; path = EVExtensions.swift; sourceTree = "<group>"; };
		45151C38212DF65000222656 /* NibLoadableView.swift */ = {isa = PBXFileReference; fileEncoding = 4; lastKnownFileType = sourcecode.swift; path = NibLoadableView.swift; sourceTree = "<group>"; };
		45151C39212DF65000222656 /* ReusableView.swift */ = {isa = PBXFileReference; fileEncoding = 4; lastKnownFileType = sourcecode.swift; path = ReusableView.swift; sourceTree = "<group>"; };
		4542CCE2212C4FDE00EE5D3F /* Barrio31.app */ = {isa = PBXFileReference; explicitFileType = wrapper.application; includeInIndex = 0; path = Barrio31.app; sourceTree = BUILT_PRODUCTS_DIR; };
		4542CCE5212C4FDE00EE5D3F /* AppDelegate.swift */ = {isa = PBXFileReference; lastKnownFileType = sourcecode.swift; path = AppDelegate.swift; sourceTree = "<group>"; };
		4542CCE7212C4FDE00EE5D3F /* MapViewController.swift */ = {isa = PBXFileReference; lastKnownFileType = sourcecode.swift; path = MapViewController.swift; sourceTree = "<group>"; };
		4542CCEC212C4FE400EE5D3F /* Assets.xcassets */ = {isa = PBXFileReference; lastKnownFileType = folder.assetcatalog; path = Assets.xcassets; sourceTree = "<group>"; };
		4542CCEF212C4FE400EE5D3F /* Base */ = {isa = PBXFileReference; lastKnownFileType = file.storyboard; name = Base; path = Base.lproj/LaunchScreen.storyboard; sourceTree = "<group>"; };
		4542CCF1212C4FE400EE5D3F /* Info.plist */ = {isa = PBXFileReference; lastKnownFileType = text.plist.xml; path = Info.plist; sourceTree = "<group>"; };
		45CF590F2136E3FE00E2A858 /* Models.swift */ = {isa = PBXFileReference; lastKnownFileType = sourcecode.swift; path = Models.swift; sourceTree = "<group>"; };
		45F23A1A21359B7500F22C1C /* Base */ = {isa = PBXFileReference; lastKnownFileType = file.storyboard; name = Base; path = Base.lproj/Main.storyboard; sourceTree = "<group>"; };
		45F23A1D2135D9D400F22C1C /* APIManager.swift */ = {isa = PBXFileReference; lastKnownFileType = sourcecode.swift; path = APIManager.swift; sourceTree = "<group>"; };
		904E8A04AF1E2F73D36B58E2 /* Pods-Barrio31.debug.xcconfig */ = {isa = PBXFileReference; includeInIndex = 1; lastKnownFileType = text.xcconfig; name = "Pods-Barrio31.debug.xcconfig"; path = "Pods/Target Support Files/Pods-Barrio31/Pods-Barrio31.debug.xcconfig"; sourceTree = "<group>"; };
		975ECE4043BDEAB515CB6780 /* Pods-Barrio31.release.xcconfig */ = {isa = PBXFileReference; includeInIndex = 1; lastKnownFileType = text.xcconfig; name = "Pods-Barrio31.release.xcconfig"; path = "Pods/Target Support Files/Pods-Barrio31/Pods-Barrio31.release.xcconfig"; sourceTree = "<group>"; };
/* End PBXFileReference section */

/* Begin PBXFrameworksBuildPhase section */
		4542CCDF212C4FDE00EE5D3F /* Frameworks */ = {
			isa = PBXFrameworksBuildPhase;
			buildActionMask = 2147483647;
			files = (
				E3172AED30899E1B251288AC /* Pods_Barrio31.framework in Frameworks */,
			);
			runOnlyForDeploymentPostprocessing = 0;
		};
/* End PBXFrameworksBuildPhase section */

/* Begin PBXGroup section */
		06CA1F4EF2BFB2D50A6614D8 /* Frameworks */ = {
			isa = PBXGroup;
			children = (
				33FAE5871C7A53CD76A60031 /* Pods_Barrio31.framework */,
			);
			name = Frameworks;
			sourceTree = "<group>";
		};
		0FEED906B67E4F552DE02ABB /* Pods */ = {
			isa = PBXGroup;
			children = (
				904E8A04AF1E2F73D36B58E2 /* Pods-Barrio31.debug.xcconfig */,
				975ECE4043BDEAB515CB6780 /* Pods-Barrio31.release.xcconfig */,
			);
			name = Pods;
			sourceTree = "<group>";
		};
		45151C2A212DE0EE00222656 /* Utils */ = {
			isa = PBXGroup;
			children = (
				45151C37212DF65000222656 /* EVExtensions.swift */,
				45151C38212DF65000222656 /* NibLoadableView.swift */,
				45151C39212DF65000222656 /* ReusableView.swift */,
				45151C35212DEA6E00222656 /* BaseViewController.swift */,
				45151C33212DE93800222656 /* Commons.swift */,
				45151C2B212DE69300222656 /* AppColors.swift */,
				45151C2D212DE69300222656 /* AppFonts.swift */,
				45151C2E212DE69300222656 /* AppImages.swift */,
			);
			path = Utils;
			sourceTree = "<group>";
		};
		45151C3D212DF66600222656 /* Screens */ = {
			isa = PBXGroup;
			children = (
				4542CCE7212C4FDE00EE5D3F /* MapViewController.swift */,
			);
			path = Screens;
			sourceTree = "<group>";
		};
		4542CCD9212C4FDE00EE5D3F = {
			isa = PBXGroup;
			children = (
				4542CCE4212C4FDE00EE5D3F /* Barrio31 */,
				4542CCE3212C4FDE00EE5D3F /* Products */,
				0FEED906B67E4F552DE02ABB /* Pods */,
				06CA1F4EF2BFB2D50A6614D8 /* Frameworks */,
			);
			sourceTree = "<group>";
		};
		4542CCE3212C4FDE00EE5D3F /* Products */ = {
			isa = PBXGroup;
			children = (
				4542CCE2212C4FDE00EE5D3F /* Barrio31.app */,
			);
			name = Products;
			sourceTree = "<group>";
		};
		4542CCE4212C4FDE00EE5D3F /* Barrio31 */ = {
			isa = PBXGroup;
			children = (
				45F23A1C2135D5F800F22C1C /* Manager-Models */,
				45151C3D212DF66600222656 /* Screens */,
				45151C2A212DE0EE00222656 /* Utils */,
				4542CCE5212C4FDE00EE5D3F /* AppDelegate.swift */,
				4542CCEC212C4FE400EE5D3F /* Assets.xcassets */,
				4542CCEE212C4FE400EE5D3F /* LaunchScreen.storyboard */,
				45F23A1921359B7500F22C1C /* Main.storyboard */,
				4542CCF1212C4FE400EE5D3F /* Info.plist */,
			);
			path = Barrio31;
			sourceTree = "<group>";
		};
		45F23A1C2135D5F800F22C1C /* Manager-Models */ = {
			isa = PBXGroup;
			children = (
				45F23A1D2135D9D400F22C1C /* APIManager.swift */,
				45CF590F2136E3FE00E2A858 /* Models.swift */,
			);
			path = "Manager-Models";
			sourceTree = "<group>";
		};
/* End PBXGroup section */

/* Begin PBXNativeTarget section */
		4542CCE1212C4FDE00EE5D3F /* Barrio31 */ = {
			isa = PBXNativeTarget;
			buildConfigurationList = 4542CCF4212C4FE400EE5D3F /* Build configuration list for PBXNativeTarget "Barrio31" */;
			buildPhases = (
				03F60B61EC9DDE425ECA737E /* [CP] Check Pods Manifest.lock */,
				4542CCDE212C4FDE00EE5D3F /* Sources */,
				4542CCDF212C4FDE00EE5D3F /* Frameworks */,
				4542CCE0212C4FDE00EE5D3F /* Resources */,
				5C30E57B9BC9E45F7584F60D /* [CP] Embed Pods Frameworks */,
			);
			buildRules = (
			);
			dependencies = (
			);
			name = Barrio31;
			productName = Barrio31;
			productReference = 4542CCE2212C4FDE00EE5D3F /* Barrio31.app */;
			productType = "com.apple.product-type.application";
		};
/* End PBXNativeTarget section */

/* Begin PBXProject section */
		4542CCDA212C4FDE00EE5D3F /* Project object */ = {
			isa = PBXProject;
			attributes = {
				LastSwiftUpdateCheck = 0940;
				LastUpgradeCheck = 0940;
				ORGANIZATIONNAME = "Carlos Garcia";
				TargetAttributes = {
					4542CCE1212C4FDE00EE5D3F = {
						CreatedOnToolsVersion = 9.4.1;
					};
				};
			};
			buildConfigurationList = 4542CCDD212C4FDE00EE5D3F /* Build configuration list for PBXProject "Barrio31" */;
			compatibilityVersion = "Xcode 9.3";
			developmentRegion = en;
			hasScannedForEncodings = 0;
			knownRegions = (
				en,
				Base,
			);
			mainGroup = 4542CCD9212C4FDE00EE5D3F;
			productRefGroup = 4542CCE3212C4FDE00EE5D3F /* Products */;
			projectDirPath = "";
			projectRoot = "";
			targets = (
				4542CCE1212C4FDE00EE5D3F /* Barrio31 */,
			);
		};
/* End PBXProject section */

/* Begin PBXResourcesBuildPhase section */
		4542CCE0212C4FDE00EE5D3F /* Resources */ = {
			isa = PBXResourcesBuildPhase;
			buildActionMask = 2147483647;
			files = (
				45F23A1B21359B7500F22C1C /* Main.storyboard in Resources */,
				4542CCF0212C4FE400EE5D3F /* LaunchScreen.storyboard in Resources */,
				4542CCED212C4FE400EE5D3F /* Assets.xcassets in Resources */,
			);
			runOnlyForDeploymentPostprocessing = 0;
		};
/* End PBXResourcesBuildPhase section */

/* Begin PBXShellScriptBuildPhase section */
		03F60B61EC9DDE425ECA737E /* [CP] Check Pods Manifest.lock */ = {
			isa = PBXShellScriptBuildPhase;
			buildActionMask = 2147483647;
			files = (
			);
			inputPaths = (
				"${PODS_PODFILE_DIR_PATH}/Podfile.lock",
				"${PODS_ROOT}/Manifest.lock",
			);
			name = "[CP] Check Pods Manifest.lock";
			outputPaths = (
				"$(DERIVED_FILE_DIR)/Pods-Barrio31-checkManifestLockResult.txt",
			);
			runOnlyForDeploymentPostprocessing = 0;
			shellPath = /bin/sh;
			shellScript = "diff \"${PODS_PODFILE_DIR_PATH}/Podfile.lock\" \"${PODS_ROOT}/Manifest.lock\" > /dev/null\nif [ $? != 0 ] ; then\n    # print error to STDERR\n    echo \"error: The sandbox is not in sync with the Podfile.lock. Run 'pod install' or update your CocoaPods installation.\" >&2\n    exit 1\nfi\n# This output is used by Xcode 'outputs' to avoid re-running this script phase.\necho \"SUCCESS\" > \"${SCRIPT_OUTPUT_FILE_0}\"\n";
			showEnvVarsInLog = 0;
		};
		5C30E57B9BC9E45F7584F60D /* [CP] Embed Pods Frameworks */ = {
			isa = PBXShellScriptBuildPhase;
			buildActionMask = 2147483647;
			files = (
			);
			inputPaths = (
				"${SRCROOT}/Pods/Target Support Files/Pods-Barrio31/Pods-Barrio31-frameworks.sh",
				"${BUILT_PRODUCTS_DIR}/Alamofire/Alamofire.framework",
			);
			name = "[CP] Embed Pods Frameworks";
			outputPaths = (
				"${TARGET_BUILD_DIR}/${FRAMEWORKS_FOLDER_PATH}/Alamofire.framework",
			);
			runOnlyForDeploymentPostprocessing = 0;
			shellPath = /bin/sh;
			shellScript = "\"${SRCROOT}/Pods/Target Support Files/Pods-Barrio31/Pods-Barrio31-frameworks.sh\"\n";
			showEnvVarsInLog = 0;
		};
/* End PBXShellScriptBuildPhase section */

/* Begin PBXSourcesBuildPhase section */
		4542CCDE212C4FDE00EE5D3F /* Sources */ = {
			isa = PBXSourcesBuildPhase;
			buildActionMask = 2147483647;
			files = (
				45151C3A212DF65100222656 /* EVExtensions.swift in Sources */,
				45151C3C212DF65100222656 /* ReusableView.swift in Sources */,
				45151C32212DE69300222656 /* AppImages.swift in Sources */,
				45CF59102136E3FE00E2A858 /* Models.swift in Sources */,
				45151C31212DE69300222656 /* AppFonts.swift in Sources */,
				45F23A1E2135D9D400F22C1C /* APIManager.swift in Sources */,
				45151C3B212DF65100222656 /* NibLoadableView.swift in Sources */,
				45151C2F212DE69300222656 /* AppColors.swift in Sources */,
				4542CCE8212C4FDE00EE5D3F /* MapViewController.swift in Sources */,
				45151C34212DE93900222656 /* Commons.swift in Sources */,
				45151C36212DEA6F00222656 /* BaseViewController.swift in Sources */,
				4542CCE6212C4FDE00EE5D3F /* AppDelegate.swift in Sources */,
			);
			runOnlyForDeploymentPostprocessing = 0;
		};
/* End PBXSourcesBuildPhase section */

/* Begin PBXVariantGroup section */
		4542CCEE212C4FE400EE5D3F /* LaunchScreen.storyboard */ = {
			isa = PBXVariantGroup;
			children = (
				4542CCEF212C4FE400EE5D3F /* Base */,
			);
			name = LaunchScreen.storyboard;
			sourceTree = "<group>";
		};
		45F23A1921359B7500F22C1C /* Main.storyboard */ = {
			isa = PBXVariantGroup;
			children = (
				45F23A1A21359B7500F22C1C /* Base */,
			);
			name = Main.storyboard;
			sourceTree = "<group>";
		};
/* End PBXVariantGroup section */

/* Begin XCBuildConfiguration section */
		4542CCF2212C4FE400EE5D3F /* Debug */ = {
			isa = XCBuildConfiguration;
			buildSettings = {
				ALWAYS_SEARCH_USER_PATHS = NO;
				CLANG_ANALYZER_NONNULL = YES;
				CLANG_ANALYZER_NUMBER_OBJECT_CONVERSION = YES_AGGRESSIVE;
				CLANG_CXX_LANGUAGE_STANDARD = "gnu++14";
				CLANG_CXX_LIBRARY = "libc++";
				CLANG_ENABLE_MODULES = YES;
				CLANG_ENABLE_OBJC_ARC = YES;
				CLANG_ENABLE_OBJC_WEAK = YES;
				CLANG_WARN_BLOCK_CAPTURE_AUTORELEASING = YES;
				CLANG_WARN_BOOL_CONVERSION = YES;
				CLANG_WARN_COMMA = YES;
				CLANG_WARN_CONSTANT_CONVERSION = YES;
				CLANG_WARN_DEPRECATED_OBJC_IMPLEMENTATIONS = YES;
				CLANG_WARN_DIRECT_OBJC_ISA_USAGE = YES_ERROR;
				CLANG_WARN_DOCUMENTATION_COMMENTS = YES;
				CLANG_WARN_EMPTY_BODY = YES;
				CLANG_WARN_ENUM_CONVERSION = YES;
				CLANG_WARN_INFINITE_RECURSION = YES;
				CLANG_WARN_INT_CONVERSION = YES;
				CLANG_WARN_NON_LITERAL_NULL_CONVERSION = YES;
				CLANG_WARN_OBJC_IMPLICIT_RETAIN_SELF = YES;
				CLANG_WARN_OBJC_LITERAL_CONVERSION = YES;
				CLANG_WARN_OBJC_ROOT_CLASS = YES_ERROR;
				CLANG_WARN_RANGE_LOOP_ANALYSIS = YES;
				CLANG_WARN_STRICT_PROTOTYPES = YES;
				CLANG_WARN_SUSPICIOUS_MOVE = YES;
				CLANG_WARN_UNGUARDED_AVAILABILITY = YES_AGGRESSIVE;
				CLANG_WARN_UNREACHABLE_CODE = YES;
				CLANG_WARN__DUPLICATE_METHOD_MATCH = YES;
				CODE_SIGN_IDENTITY = "iPhone Developer";
				COPY_PHASE_STRIP = NO;
				DEBUG_INFORMATION_FORMAT = dwarf;
				ENABLE_STRICT_OBJC_MSGSEND = YES;
				ENABLE_TESTABILITY = YES;
				GCC_C_LANGUAGE_STANDARD = gnu11;
				GCC_DYNAMIC_NO_PIC = NO;
				GCC_NO_COMMON_BLOCKS = YES;
				GCC_OPTIMIZATION_LEVEL = 0;
				GCC_PREPROCESSOR_DEFINITIONS = (
					"DEBUG=1",
					"$(inherited)",
				);
				GCC_WARN_64_TO_32_BIT_CONVERSION = YES;
				GCC_WARN_ABOUT_RETURN_TYPE = YES_ERROR;
				GCC_WARN_UNDECLARED_SELECTOR = YES;
				GCC_WARN_UNINITIALIZED_AUTOS = YES_AGGRESSIVE;
				GCC_WARN_UNUSED_FUNCTION = YES;
				GCC_WARN_UNUSED_VARIABLE = YES;
				IPHONEOS_DEPLOYMENT_TARGET = 11.4;
				MTL_ENABLE_DEBUG_INFO = YES;
				ONLY_ACTIVE_ARCH = YES;
				SDKROOT = iphoneos;
				SWIFT_ACTIVE_COMPILATION_CONDITIONS = DEBUG;
				SWIFT_OPTIMIZATION_LEVEL = "-Onone";
			};
			name = Debug;
		};
		4542CCF3212C4FE400EE5D3F /* Release */ = {
			isa = XCBuildConfiguration;
			buildSettings = {
				ALWAYS_SEARCH_USER_PATHS = NO;
				CLANG_ANALYZER_NONNULL = YES;
				CLANG_ANALYZER_NUMBER_OBJECT_CONVERSION = YES_AGGRESSIVE;
				CLANG_CXX_LANGUAGE_STANDARD = "gnu++14";
				CLANG_CXX_LIBRARY = "libc++";
				CLANG_ENABLE_MODULES = YES;
				CLANG_ENABLE_OBJC_ARC = YES;
				CLANG_ENABLE_OBJC_WEAK = YES;
				CLANG_WARN_BLOCK_CAPTURE_AUTORELEASING = YES;
				CLANG_WARN_BOOL_CONVERSION = YES;
				CLANG_WARN_COMMA = YES;
				CLANG_WARN_CONSTANT_CONVERSION = YES;
				CLANG_WARN_DEPRECATED_OBJC_IMPLEMENTATIONS = YES;
				CLANG_WARN_DIRECT_OBJC_ISA_USAGE = YES_ERROR;
				CLANG_WARN_DOCUMENTATION_COMMENTS = YES;
				CLANG_WARN_EMPTY_BODY = YES;
				CLANG_WARN_ENUM_CONVERSION = YES;
				CLANG_WARN_INFINITE_RECURSION = YES;
				CLANG_WARN_INT_CONVERSION = YES;
				CLANG_WARN_NON_LITERAL_NULL_CONVERSION = YES;
				CLANG_WARN_OBJC_IMPLICIT_RETAIN_SELF = YES;
				CLANG_WARN_OBJC_LITERAL_CONVERSION = YES;
				CLANG_WARN_OBJC_ROOT_CLASS = YES_ERROR;
				CLANG_WARN_RANGE_LOOP_ANALYSIS = YES;
				CLANG_WARN_STRICT_PROTOTYPES = YES;
				CLANG_WARN_SUSPICIOUS_MOVE = YES;
				CLANG_WARN_UNGUARDED_AVAILABILITY = YES_AGGRESSIVE;
				CLANG_WARN_UNREACHABLE_CODE = YES;
				CLANG_WARN__DUPLICATE_METHOD_MATCH = YES;
				CODE_SIGN_IDENTITY = "iPhone Developer";
				COPY_PHASE_STRIP = NO;
				DEBUG_INFORMATION_FORMAT = "dwarf-with-dsym";
				ENABLE_NS_ASSERTIONS = NO;
				ENABLE_STRICT_OBJC_MSGSEND = YES;
				GCC_C_LANGUAGE_STANDARD = gnu11;
				GCC_NO_COMMON_BLOCKS = YES;
				GCC_WARN_64_TO_32_BIT_CONVERSION = YES;
				GCC_WARN_ABOUT_RETURN_TYPE = YES_ERROR;
				GCC_WARN_UNDECLARED_SELECTOR = YES;
				GCC_WARN_UNINITIALIZED_AUTOS = YES_AGGRESSIVE;
				GCC_WARN_UNUSED_FUNCTION = YES;
				GCC_WARN_UNUSED_VARIABLE = YES;
				IPHONEOS_DEPLOYMENT_TARGET = 11.4;
				MTL_ENABLE_DEBUG_INFO = NO;
				SDKROOT = iphoneos;
				SWIFT_COMPILATION_MODE = wholemodule;
				SWIFT_OPTIMIZATION_LEVEL = "-O";
				VALIDATE_PRODUCT = YES;
			};
			name = Release;
		};
		4542CCF5212C4FE400EE5D3F /* Debug */ = {
			isa = XCBuildConfiguration;
			baseConfigurationReference = 904E8A04AF1E2F73D36B58E2 /* Pods-Barrio31.debug.xcconfig */;
			buildSettings = {
				ASSETCATALOG_COMPILER_APPICON_NAME = AppIcon;
				CODE_SIGN_STYLE = Automatic;
				DEVELOPMENT_TEAM = GHT59S24UX;
				INFOPLIST_FILE = Barrio31/Info.plist;
				LD_RUNPATH_SEARCH_PATHS = (
					"$(inherited)",
					"@executable_path/Frameworks",
				);
				PRODUCT_BUNDLE_IDENTIFIER = candoit.Barrio31;
				PRODUCT_NAME = "$(TARGET_NAME)";
				SWIFT_VERSION = 4.0;
				TARGETED_DEVICE_FAMILY = "1,2";
			};
			name = Debug;
		};
		4542CCF6212C4FE400EE5D3F /* Release */ = {
			isa = XCBuildConfiguration;
			baseConfigurationReference = 975ECE4043BDEAB515CB6780 /* Pods-Barrio31.release.xcconfig */;
			buildSettings = {
				ASSETCATALOG_COMPILER_APPICON_NAME = AppIcon;
				CODE_SIGN_STYLE = Automatic;
				DEVELOPMENT_TEAM = GHT59S24UX;
				INFOPLIST_FILE = Barrio31/Info.plist;
				LD_RUNPATH_SEARCH_PATHS = (
					"$(inherited)",
					"@executable_path/Frameworks",
				);
				PRODUCT_BUNDLE_IDENTIFIER = candoit.Barrio31;
				PRODUCT_NAME = "$(TARGET_NAME)";
				SWIFT_VERSION = 4.0;
				TARGETED_DEVICE_FAMILY = "1,2";
			};
			name = Release;
		};
/* End XCBuildConfiguration section */

/* Begin XCConfigurationList section */
		4542CCDD212C4FDE00EE5D3F /* Build configuration list for PBXProject "Barrio31" */ = {
			isa = XCConfigurationList;
			buildConfigurations = (
				4542CCF2212C4FE400EE5D3F /* Debug */,
				4542CCF3212C4FE400EE5D3F /* Release */,
			);
			defaultConfigurationIsVisible = 0;
			defaultConfigurationName = Release;
		};
		4542CCF4212C4FE400EE5D3F /* Build configuration list for PBXNativeTarget "Barrio31" */ = {
			isa = XCConfigurationList;
			buildConfigurations = (
				4542CCF5212C4FE400EE5D3F /* Debug */,
				4542CCF6212C4FE400EE5D3F /* Release */,
			);
			defaultConfigurationIsVisible = 0;
			defaultConfigurationName = Release;
		};
/* End XCConfigurationList section */
	};
	rootObject = 4542CCDA212C4FDE00EE5D3F /* Project object */;
}
